
Microsoft Visual Studio Solution File, Format Version 12.00
# Visual Studio 2013
VisualStudioVersion = 12.0.21005.1
MinimumVisualStudioVersion = 10.0.40219.1
Project("{FAE04EC0-301F-11D3-BF4B-00C04F79EFBC}") = "EbCommon", "Eb\EbCommon\EbCommon.csproj", "{4A1A0894-DC8E-4D16-B920-064B77C9E781}"
EndProject
Project("{FAE04EC0-301F-11D3-BF4B-00C04F79EFBC}") = "EcEngine", "Ec\EcEngine\EcEngine.csproj", "{7A16CE47-4F9F-4EB2-9B2E-754078D0E2A0}"
EndProject
Project("{FAE04EC0-301F-11D3-BF4B-00C04F79EFBC}") = "EsEngine", "Es\EsEngine\EsEngine.csproj", "{BF4C8B81-402D-4F03-98EB-A1094C4248FD}"
EndProject
Project("{FAE04EC0-301F-11D3-BF4B-00C04F79EFBC}") = "EbSqlite", "Eb\EbSqlite\EbSqlite.csproj", "{47B5D60F-BE8D-4CCF-8125-800B991A6502}"
EndProject
Project("{FAE04EC0-301F-11D3-BF4B-00C04F79EFBC}") = "EbJson", "Eb\EbJson\EbJson.csproj", "{0407C8AF-6D69-4765-8417-883C395552A3}"
EndProject
Project("{FAE04EC0-301F-11D3-BF4B-00C04F79EFBC}") = "EbVib", "Eb\EbVib\EbVib.csproj", "{427D42BD-615D-4340-B8A4-7C2153603A2D}"
EndProject
Project("{FAE04EC0-301F-11D3-BF4B-00C04F79EFBC}") = "EbTest", "Eb\EbTest\EbTest.csproj", "{ABE088BF-8858-4920-8E06-002CE2658BC9}"
EndProject
Project("{FAE04EC0-301F-11D3-BF4B-00C04F79EFBC}") = "EsDbCommon", "Es\EsDbCommon\EsDbCommon.csproj", "{315F7BA6-C1ED-43C2-B841-AD0D8F53D011}"
EndProject
Project("{FAE04EC0-301F-11D3-BF4B-00C04F79EFBC}") = "EcTest", "Ec\EcTest\EcTest.csproj", "{1DC5407B-1CD5-4CF1-BB05-E2459D5139FF}"
EndProject
Project("{FAE04EC0-301F-11D3-BF4B-00C04F79EFBC}") = "EsTest", "Es\EsTest\EsTest.csproj", "{7BAA2FA5-60EC-4B79-B794-B9E2EA917724}"
EndProject
Project("{FAE04EC0-301F-11D3-BF4B-00C04F79EFBC}") = "EbTestCommon", "Eb\EbTestCommon\EbTestCommon.csproj", "{E07A64E5-C299-4DEB-9AF7-A3AB75D8F81D}"
EndProject
Project("{FAE04EC0-301F-11D3-BF4B-00C04F79EFBC}") = "EsDbCouchbase", "Es\EsDbCouchbase\EsDbCouchbase.csproj", "{E00843BF-F181-4233-B569-3C5536E3DF60}"
EndProject
Project("{FAE04EC0-301F-11D3-BF4B-00C04F79EFBC}") = "EsZkLib", "Es\EsZkLib\EsZkLib.csproj", "{41274F1C-0D8D-4CC8-8691-4DE0FD5ED6A9}"
EndProject
Project("{FAE04EC0-301F-11D3-BF4B-00C04F79EFBC}") = "EsUCenter", "Es\EsUCenter\EsUCenter.csproj", "{D7E43689-4A3A-447C-BF05-90C9E290033B}"
EndProject
Global
	GlobalSection(SolutionConfigurationPlatforms) = preSolution
		Debug|Any CPU = Debug|Any CPU
		Debug|x86 = Debug|x86
		Release|Any CPU = Release|Any CPU
		Release|x86 = Release|x86
	EndGlobalSection
	GlobalSection(ProjectConfigurationPlatforms) = postSolution
		{4A1A0894-DC8E-4D16-B920-064B77C9E781}.Debug|Any CPU.ActiveCfg = Debug|Any CPU
		{4A1A0894-DC8E-4D16-B920-064B77C9E781}.Debug|Any CPU.Build.0 = Debug|Any CPU
		{4A1A0894-DC8E-4D16-B920-064B77C9E781}.Debug|x86.ActiveCfg = Debug|Any CPU
		{4A1A0894-DC8E-4D16-B920-064B77C9E781}.Release|Any CPU.ActiveCfg = Release|Any CPU
		{4A1A0894-DC8E-4D16-B920-064B77C9E781}.Release|Any CPU.Build.0 = Release|Any CPU
		{4A1A0894-DC8E-4D16-B920-064B77C9E781}.Release|x86.ActiveCfg = Release|Any CPU
		{7A16CE47-4F9F-4EB2-9B2E-754078D0E2A0}.Debug|Any CPU.ActiveCfg = Debug|Any CPU
		{7A16CE47-4F9F-4EB2-9B2E-754078D0E2A0}.Debug|Any CPU.Build.0 = Debug|Any CPU
		{7A16CE47-4F9F-4EB2-9B2E-754078D0E2A0}.Debug|x86.ActiveCfg = Debug|Any CPU
		{7A16CE47-4F9F-4EB2-9B2E-754078D0E2A0}.Release|Any CPU.ActiveCfg = Release|Any CPU
		{7A16CE47-4F9F-4EB2-9B2E-754078D0E2A0}.Release|Any CPU.Build.0 = Release|Any CPU
		{7A16CE47-4F9F-4EB2-9B2E-754078D0E2A0}.Release|x86.ActiveCfg = Release|Any CPU
		{BF4C8B81-402D-4F03-98EB-A1094C4248FD}.Debug|Any CPU.ActiveCfg = Debug|Any CPU
		{BF4C8B81-402D-4F03-98EB-A1094C4248FD}.Debug|Any CPU.Build.0 = Debug|Any CPU
		{BF4C8B81-402D-4F03-98EB-A1094C4248FD}.Debug|x86.ActiveCfg = Debug|Any CPU
		{BF4C8B81-402D-4F03-98EB-A1094C4248FD}.Release|Any CPU.ActiveCfg = Release|Any CPU
		{BF4C8B81-402D-4F03-98EB-A1094C4248FD}.Release|Any CPU.Build.0 = Release|Any CPU
		{BF4C8B81-402D-4F03-98EB-A1094C4248FD}.Release|x86.ActiveCfg = Release|Any CPU
		{47B5D60F-BE8D-4CCF-8125-800B991A6502}.Debug|Any CPU.ActiveCfg = Debug|Any CPU
		{47B5D60F-BE8D-4CCF-8125-800B991A6502}.Debug|Any CPU.Build.0 = Debug|Any CPU
		{47B5D60F-BE8D-4CCF-8125-800B991A6502}.Debug|x86.ActiveCfg = Debug|Any CPU
		{47B5D60F-BE8D-4CCF-8125-800B991A6502}.Release|Any CPU.ActiveCfg = Release|Any CPU
		{47B5D60F-BE8D-4CCF-8125-800B991A6502}.Release|Any CPU.Build.0 = Release|Any CPU
		{47B5D60F-BE8D-4CCF-8125-800B991A6502}.Release|x86.ActiveCfg = Release|Any CPU
		{0407C8AF-6D69-4765-8417-883C395552A3}.Debug|Any CPU.ActiveCfg = Debug|Any CPU
		{0407C8AF-6D69-4765-8417-883C395552A3}.Debug|Any CPU.Build.0 = Debug|Any CPU
		{0407C8AF-6D69-4765-8417-883C395552A3}.Debug|x86.ActiveCfg = Debug|Any CPU
		{0407C8AF-6D69-4765-8417-883C395552A3}.Release|Any CPU.ActiveCfg = Release|Any CPU
		{0407C8AF-6D69-4765-8417-883C395552A3}.Release|Any CPU.Build.0 = Release|Any CPU
		{0407C8AF-6D69-4765-8417-883C395552A3}.Release|x86.ActiveCfg = Release|Any CPU
		{427D42BD-615D-4340-B8A4-7C2153603A2D}.Debug|Any CPU.ActiveCfg = Debug|Any CPU
		{427D42BD-615D-4340-B8A4-7C2153603A2D}.Debug|Any CPU.Build.0 = Debug|Any CPU
		{427D42BD-615D-4340-B8A4-7C2153603A2D}.Debug|x86.ActiveCfg = Debug|Any CPU
		{427D42BD-615D-4340-B8A4-7C2153603A2D}.Release|Any CPU.ActiveCfg = Release|Any CPU
		{427D42BD-615D-4340-B8A4-7C2153603A2D}.Release|Any CPU.Build.0 = Release|Any CPU
		{427D42BD-615D-4340-B8A4-7C2153603A2D}.Release|x86.ActiveCfg = Release|Any CPU
		{ABE088BF-8858-4920-8E06-002CE2658BC9}.Debug|Any CPU.ActiveCfg = Debug|Any CPU
		{ABE088BF-8858-4920-8E06-002CE2658BC9}.Debug|Any CPU.Build.0 = Debug|Any CPU
		{ABE088BF-8858-4920-8E06-002CE2658BC9}.Debug|x86.ActiveCfg = Debug|Any CPU
		{ABE088BF-8858-4920-8E06-002CE2658BC9}.Release|Any CPU.ActiveCfg = Release|Any CPU
		{ABE088BF-8858-4920-8E06-002CE2658BC9}.Release|Any CPU.Build.0 = Release|Any CPU
		{ABE088BF-8858-4920-8E06-002CE2658BC9}.Release|x86.ActiveCfg = Release|Any CPU
		{315F7BA6-C1ED-43C2-B841-AD0D8F53D011}.Debug|Any CPU.ActiveCfg = Debug|Any CPU
		{315F7BA6-C1ED-43C2-B841-AD0D8F53D011}.Debug|Any CPU.Build.0 = Debug|Any CPU
		{315F7BA6-C1ED-43C2-B841-AD0D8F53D011}.Debug|x86.ActiveCfg = Debug|Any CPU
		{315F7BA6-C1ED-43C2-B841-AD0D8F53D011}.Release|Any CPU.ActiveCfg = Release|Any CPU
		{315F7BA6-C1ED-43C2-B841-AD0D8F53D011}.Release|Any CPU.Build.0 = Release|Any CPU
		{315F7BA6-C1ED-43C2-B841-AD0D8F53D011}.Release|x86.ActiveCfg = Release|Any CPU
		{1DC5407B-1CD5-4CF1-BB05-E2459D5139FF}.Debug|Any CPU.ActiveCfg = Debug|Any CPU
		{1DC5407B-1CD5-4CF1-BB05-E2459D5139FF}.Debug|Any CPU.Build.0 = Debug|Any CPU
		{1DC5407B-1CD5-4CF1-BB05-E2459D5139FF}.Debug|x86.ActiveCfg = Debug|Any CPU
		{1DC5407B-1CD5-4CF1-BB05-E2459D5139FF}.Release|Any CPU.ActiveCfg = Release|Any CPU
		{1DC5407B-1CD5-4CF1-BB05-E2459D5139FF}.Release|Any CPU.Build.0 = Release|Any CPU
		{1DC5407B-1CD5-4CF1-BB05-E2459D5139FF}.Release|x86.ActiveCfg = Release|Any CPU
		{7BAA2FA5-60EC-4B79-B794-B9E2EA917724}.Debug|Any CPU.ActiveCfg = Debug|Any CPU
		{7BAA2FA5-60EC-4B79-B794-B9E2EA917724}.Debug|Any CPU.Build.0 = Debug|Any CPU
		{7BAA2FA5-60EC-4B79-B794-B9E2EA917724}.Debug|x86.ActiveCfg = Debug|Any CPU
		{7BAA2FA5-60EC-4B79-B794-B9E2EA917724}.Release|Any CPU.ActiveCfg = Release|Any CPU
		{7BAA2FA5-60EC-4B79-B794-B9E2EA917724}.Release|Any CPU.Build.0 = Release|Any CPU
		{7BAA2FA5-60EC-4B79-B794-B9E2EA917724}.Release|x86.ActiveCfg = Release|Any CPU
		{E07A64E5-C299-4DEB-9AF7-A3AB75D8F81D}.Debug|Any CPU.ActiveCfg = Debug|Any CPU
		{E07A64E5-C299-4DEB-9AF7-A3AB75D8F81D}.Debug|Any CPU.Build.0 = Debug|Any CPU
		{E07A64E5-C299-4DEB-9AF7-A3AB75D8F81D}.Debug|x86.ActiveCfg = Debug|Any CPU
		{E07A64E5-C299-4DEB-9AF7-A3AB75D8F81D}.Release|Any CPU.ActiveCfg = Release|Any CPU
		{E07A64E5-C299-4DEB-9AF7-A3AB75D8F81D}.Release|Any CPU.Build.0 = Release|Any CPU
		{E07A64E5-C299-4DEB-9AF7-A3AB75D8F81D}.Release|x86.ActiveCfg = Release|Any CPU
		{E00843BF-F181-4233-B569-3C5536E3DF60}.Debug|Any CPU.ActiveCfg = Debug|Any CPU
		{E00843BF-F181-4233-B569-3C5536E3DF60}.Debug|Any CPU.Build.0 = Debug|Any CPU
		{E00843BF-F181-4233-B569-3C5536E3DF60}.Debug|x86.ActiveCfg = Debug|Any CPU
		{E00843BF-F181-4233-B569-3C5536E3DF60}.Release|Any CPU.ActiveCfg = Release|Any CPU
		{E00843BF-F181-4233-B569-3C5536E3DF60}.Release|Any CPU.Build.0 = Release|Any CPU
		{E00843BF-F181-4233-B569-3C5536E3DF60}.Release|x86.ActiveCfg = Release|Any CPU
		{41274F1C-0D8D-4CC8-8691-4DE0FD5ED6A9}.Debug|Any CPU.ActiveCfg = Debug|Any CPU
		{41274F1C-0D8D-4CC8-8691-4DE0FD5ED6A9}.Debug|Any CPU.Build.0 = Debug|Any CPU
		{41274F1C-0D8D-4CC8-8691-4DE0FD5ED6A9}.Debug|x86.ActiveCfg = Debug|x86
		{41274F1C-0D8D-4CC8-8691-4DE0FD5ED6A9}.Debug|x86.Build.0 = Debug|x86
		{41274F1C-0D8D-4CC8-8691-4DE0FD5ED6A9}.Release|Any CPU.ActiveCfg = Release|Any CPU
		{41274F1C-0D8D-4CC8-8691-4DE0FD5ED6A9}.Release|Any CPU.Build.0 = Release|Any CPU
		{41274F1C-0D8D-4CC8-8691-4DE0FD5ED6A9}.Release|x86.ActiveCfg = Release|x86
		{41274F1C-0D8D-4CC8-8691-4DE0FD5ED6A9}.Release|x86.Build.0 = Release|x86
		{D7E43689-4A3A-447C-BF05-90C9E290033B}.Debug|Any CPU.ActiveCfg = Debug|Any CPU
		{D7E43689-4A3A-447C-BF05-90C9E290033B}.Debug|Any CPU.Build.0 = Debug|Any CPU
		{D7E43689-4A3A-447C-BF05-90C9E290033B}.Debug|x86.ActiveCfg = Debug|Any CPU
		{D7E43689-4A3A-447C-BF05-90C9E290033B}.Release|Any CPU.ActiveCfg = Release|Any CPU
		{D7E43689-4A3A-447C-BF05-90C9E290033B}.Release|Any CPU.Build.0 = Release|Any CPU
		{D7E43689-4A3A-447C-BF05-90C9E290033B}.Release|x86.ActiveCfg = Release|Any CPU
	EndGlobalSection
	GlobalSection(SolutionProperties) = preSolution
		HideSolutionNode = FALSE
	EndGlobalSection
EndGlobal
